PackratFormat: 1.4
PackratVersion: 0.4.1.8
RVersion: 3.0.2
Repos: CRAN=http://ftp5.gwdg.de/pub/misc/cran/

Package: deSolve
Source: CRAN
Version: 1.11
Hash: cfb223ea04cc3ed6c5a4b72c96b24efe

Package: gtools
Source: CRAN
Version: 3.5.0
Hash: 250a386e3d68eeba4ec6eb057721be6a

Package: packrat
Source: github
Version: 0.4.1.8
Hash: ee57b7e7ba891d23079b12f1ff5106d0db0594e5
GithubRepo: packrat
GithubUsername: rstudio
GithubRef: v0.98.1000
GithubSha1: ee57b7e7ba891d23079b12f1ff5106d0db0594e5
